{
  "name": "@ethersproject/bignumber",
  "version": "5.1.0",
  "lockfileVersion": 1,
  "requires": true,
  "dependencies": {
    "@ethersproject/bytes": {
      "version": "5.1.0",
      "requires": {
        "@ethersproject/logger": "^5.1.0"
      },
      "dependencies": {
        "@ethersproject/logger": {
          "version": "5.1.0"
        }
      }
    },
    "@ethersproject/logger": {
      "version": "5.1.0"
    },
    "bn.js": {
      "version": "4.12.0",
      "resolved": "https://registry.npmjs.org/bn.js/-/bn.js-4.12.0.tgz",
      "integrity": "sha512-c98Bf3tPniI+scsdk237ku1Dc3ujXQTSgyiPUDEOe7tRkhrqridvh8klBv0HCEso1OLOYcHuCv/cS6DNxKH+ZA=="
    }
  }
}
